
Microsoft Visual Studio Solution File, Format Version 12.00
# Visual Studio 15
VisualStudioVersion = 15.0.26730.16
MinimumVisualStudioVersion = 10.0.40219.1
Project("{2150E333-8FDC-42A3-9474-1A3956D46DE8}") = "src", "src", "{500DBF52-3E0F-438C-BAFE-15F1470CAB50}"
EndProject
Project("{2150E333-8FDC-42A3-9474-1A3956D46DE8}") = "Solution Items", "Solution Items", "{DCC5FCAB-D211-429F-A00B-CF2D6B61F864}"
	ProjectSection(SolutionItems) = preProject
		appveyor.yml = appveyor.yml
		Nuget.Config = Nuget.Config
	EndProjectSection
EndProject
Project("{2150E333-8FDC-42A3-9474-1A3956D46DE8}") = "test", "test", "{F5701B60-DD65-4ABF-8BED-66A81D9402D8}"
EndProject
Project("{9A19103F-16F7-4668-BE54-9A1E7A4F7556}") = "TrackTv.DataRetrieval", "src\TrackTv.DataRetrieval\TrackTv.DataRetrieval.csproj", "{0DFDB10E-FBB4-46F3-9C61-34181A9D9DB4}"
EndProject
Project("{9A19103F-16F7-4668-BE54-9A1E7A4F7556}") = "TrackTv.Data", "src\TrackTv.Data\TrackTv.Data.csproj", "{801833E6-1B48-4EF3-AC9D-6F8E8754642E}"
EndProject
Project("{9A19103F-16F7-4668-BE54-9A1E7A4F7556}") = "TrackTv.DataRetrieval.Tests", "test\TrackTv.DataRetrieval.Tests\TrackTv.DataRetrieval.Tests.csproj", "{72D86DBE-9DF6-44AE-88C9-82613ECFCA08}"
EndProject
Project("{9A19103F-16F7-4668-BE54-9A1E7A4F7556}") = "TrackTv.Services", "src\TrackTv.Services\TrackTv.Services.csproj", "{0DFCD03E-6232-45D6-A834-EDCA91CB6D33}"
EndProject
Project("{9A19103F-16F7-4668-BE54-9A1E7A4F7556}") = "TrackTv.Services.Tests", "test\TrackTv.Services.Tests\TrackTv.Services.Tests.csproj", "{56974A0B-05CB-415F-9A0B-DB70BD787C65}"
EndProject
Project("{9A19103F-16F7-4668-BE54-9A1E7A4F7556}") = "TrackTv.Models.Tests", "test\TrackTv.Models.Tests\TrackTv.Models.Tests.csproj", "{3441E8DD-84B2-4C73-94FF-1D1B76CCA7EE}"
EndProject
Project("{9A19103F-16F7-4668-BE54-9A1E7A4F7556}") = "TrackTv.WebServices", "src\TrackTv.WebServices\TrackTv.WebServices.csproj", "{64BD3BFA-CEC0-4034-88E7-465BB690F1C0}"
EndProject
Global
	GlobalSection(SolutionConfigurationPlatforms) = preSolution
		Debug|Any CPU = Debug|Any CPU
		Release|Any CPU = Release|Any CPU
	EndGlobalSection
	GlobalSection(ProjectConfigurationPlatforms) = postSolution
		{0DFDB10E-FBB4-46F3-9C61-34181A9D9DB4}.Debug|Any CPU.ActiveCfg = Debug|Any CPU
		{0DFDB10E-FBB4-46F3-9C61-34181A9D9DB4}.Debug|Any CPU.Build.0 = Debug|Any CPU
		{0DFDB10E-FBB4-46F3-9C61-34181A9D9DB4}.Release|Any CPU.ActiveCfg = Release|Any CPU
		{0DFDB10E-FBB4-46F3-9C61-34181A9D9DB4}.Release|Any CPU.Build.0 = Release|Any CPU
		{801833E6-1B48-4EF3-AC9D-6F8E8754642E}.Debug|Any CPU.ActiveCfg = Debug|Any CPU
		{801833E6-1B48-4EF3-AC9D-6F8E8754642E}.Debug|Any CPU.Build.0 = Debug|Any CPU
		{801833E6-1B48-4EF3-AC9D-6F8E8754642E}.Release|Any CPU.ActiveCfg = Release|Any CPU
		{801833E6-1B48-4EF3-AC9D-6F8E8754642E}.Release|Any CPU.Build.0 = Release|Any CPU
		{72D86DBE-9DF6-44AE-88C9-82613ECFCA08}.Debug|Any CPU.ActiveCfg = Debug|Any CPU
		{72D86DBE-9DF6-44AE-88C9-82613ECFCA08}.Debug|Any CPU.Build.0 = Debug|Any CPU
		{72D86DBE-9DF6-44AE-88C9-82613ECFCA08}.Release|Any CPU.ActiveCfg = Release|Any CPU
		{72D86DBE-9DF6-44AE-88C9-82613ECFCA08}.Release|Any CPU.Build.0 = Release|Any CPU
		{0DFCD03E-6232-45D6-A834-EDCA91CB6D33}.Debug|Any CPU.ActiveCfg = Debug|Any CPU
		{0DFCD03E-6232-45D6-A834-EDCA91CB6D33}.Debug|Any CPU.Build.0 = Debug|Any CPU
		{0DFCD03E-6232-45D6-A834-EDCA91CB6D33}.Release|Any CPU.ActiveCfg = Release|Any CPU
		{0DFCD03E-6232-45D6-A834-EDCA91CB6D33}.Release|Any CPU.Build.0 = Release|Any CPU
		{56974A0B-05CB-415F-9A0B-DB70BD787C65}.Debug|Any CPU.ActiveCfg = Debug|Any CPU
		{56974A0B-05CB-415F-9A0B-DB70BD787C65}.Debug|Any CPU.Build.0 = Debug|Any CPU
		{56974A0B-05CB-415F-9A0B-DB70BD787C65}.Release|Any CPU.ActiveCfg = Release|Any CPU
		{56974A0B-05CB-415F-9A0B-DB70BD787C65}.Release|Any CPU.Build.0 = Release|Any CPU
		{3441E8DD-84B2-4C73-94FF-1D1B76CCA7EE}.Debug|Any CPU.ActiveCfg = Debug|Any CPU
		{3441E8DD-84B2-4C73-94FF-1D1B76CCA7EE}.Debug|Any CPU.Build.0 = Debug|Any CPU
		{3441E8DD-84B2-4C73-94FF-1D1B76CCA7EE}.Release|Any CPU.ActiveCfg = Release|Any CPU
		{3441E8DD-84B2-4C73-94FF-1D1B76CCA7EE}.Release|Any CPU.Build.0 = Release|Any CPU
		{64BD3BFA-CEC0-4034-88E7-465BB690F1C0}.Debug|Any CPU.ActiveCfg = Debug|Any CPU
		{64BD3BFA-CEC0-4034-88E7-465BB690F1C0}.Debug|Any CPU.Build.0 = Debug|Any CPU
		{64BD3BFA-CEC0-4034-88E7-465BB690F1C0}.Release|Any CPU.ActiveCfg = Release|Any CPU
		{64BD3BFA-CEC0-4034-88E7-465BB690F1C0}.Release|Any CPU.Build.0 = Release|Any CPU
	EndGlobalSection
	GlobalSection(SolutionProperties) = preSolution
		HideSolutionNode = FALSE
	EndGlobalSection
	GlobalSection(NestedProjects) = preSolution
		{0DFDB10E-FBB4-46F3-9C61-34181A9D9DB4} = {500DBF52-3E0F-438C-BAFE-15F1470CAB50}
		{801833E6-1B48-4EF3-AC9D-6F8E8754642E} = {500DBF52-3E0F-438C-BAFE-15F1470CAB50}
		{72D86DBE-9DF6-44AE-88C9-82613ECFCA08} = {F5701B60-DD65-4ABF-8BED-66A81D9402D8}
		{0DFCD03E-6232-45D6-A834-EDCA91CB6D33} = {500DBF52-3E0F-438C-BAFE-15F1470CAB50}
		{56974A0B-05CB-415F-9A0B-DB70BD787C65} = {F5701B60-DD65-4ABF-8BED-66A81D9402D8}
		{3441E8DD-84B2-4C73-94FF-1D1B76CCA7EE} = {F5701B60-DD65-4ABF-8BED-66A81D9402D8}
		{64BD3BFA-CEC0-4034-88E7-465BB690F1C0} = {500DBF52-3E0F-438C-BAFE-15F1470CAB50}
	EndGlobalSection
	GlobalSection(ExtensibilityGlobals) = postSolution
		SolutionGuid = {BBB5D641-6457-488E-B701-19804295955B}
	EndGlobalSection
EndGlobal
